
Microsoft Visual Studio Solution File, Format Version 12.00
# Visual Studio Version 17
VisualStudioVersion = 17.2.32602.215
MinimumVisualStudioVersion = 10.0.40219.1
Project("{FAE04EC0-301F-11D3-BF4B-00C04F79EFBC}") = "Eclerx.Question3.AshutoshRana", "Eclerx.Question3.AshutoshRana\Eclerx.Question3.AshutoshRana.csproj", "{FD27DA88-49E1-4FA6-BC27-28FA81951CA5}"
EndProject
Global
	GlobalSection(SolutionConfigurationPlatforms) = preSolution
		Debug|Any CPU = Debug|Any CPU
		Release|Any CPU = Release|Any CPU
	EndGlobalSection
	GlobalSection(ProjectConfigurationPlatforms) = postSolution
		{FD27DA88-49E1-4FA6-BC27-28FA81951CA5}.Debug|Any CPU.ActiveCfg = Debug|Any CPU
		{FD27DA88-49E1-4FA6-BC27-28FA81951CA5}.Debug|Any CPU.Build.0 = Debug|Any CPU
		{FD27DA88-49E1-4FA6-BC27-28FA81951CA5}.Release|Any CPU.ActiveCfg = Release|Any CPU
		{FD27DA88-49E1-4FA6-BC27-28FA81951CA5}.Release|Any CPU.Build.0 = Release|Any CPU
	EndGlobalSection
	GlobalSection(SolutionProperties) = preSolution
		HideSolutionNode = FALSE
	EndGlobalSection
	GlobalSection(ExtensibilityGlobals) = postSolution
		SolutionGuid = {5A3416AC-41CD-4CE9-A107-417909665DF8}
	EndGlobalSection
EndGlobal
